
Microsoft Visual Studio Solution File, Format Version 12.00
# Visual Studio Version 17
VisualStudioVersion = 17.4.33213.308
MinimumVisualStudioVersion = 10.0.40219.1
Project("{FAE04EC0-301F-11D3-BF4B-00C04F79EFBC}") = "Egzamin", "Egzamin.csproj", "{49865F81-2825-4276-BD70-239764481519}"
EndProject
Global
	GlobalSection(SolutionConfigurationPlatforms) = preSolution
		Debug|Any CPU = Debug|Any CPU
		Release|Any CPU = Release|Any CPU
	EndGlobalSection
	GlobalSection(ProjectConfigurationPlatforms) = postSolution
		{49865F81-2825-4276-BD70-239764481519}.Debug|Any CPU.ActiveCfg = Debug|Any CPU
		{49865F81-2825-4276-BD70-239764481519}.Debug|Any CPU.Build.0 = Debug|Any CPU
		{49865F81-2825-4276-BD70-239764481519}.Release|Any CPU.ActiveCfg = Release|Any CPU
		{49865F81-2825-4276-BD70-239764481519}.Release|Any CPU.Build.0 = Release|Any CPU
	EndGlobalSection
	GlobalSection(SolutionProperties) = preSolution
		HideSolutionNode = FALSE
	EndGlobalSection
	GlobalSection(ExtensibilityGlobals) = postSolution
		SolutionGuid = {767F3A00-30C4-48A4-BF28-D7B71DFF4DE3}
	EndGlobalSection
EndGlobal
