
Microsoft Visual Studio Solution File, Format Version 12.00
# Visual Studio Version 16
VisualStudioVersion = 16.0.32929.386
MinimumVisualStudioVersion = 10.0.40219.1
Project("{FAE04EC0-301F-11D3-BF4B-00C04F79EFBC}") = "Lekcja1", "Lekcja1.csproj", "{E8974BA0-43BD-4738-A1CB-695A32AE02B5}"
EndProject
Global
	GlobalSection(SolutionConfigurationPlatforms) = preSolution
		Debug|Any CPU = Debug|Any CPU
		Release|Any CPU = Release|Any CPU
	EndGlobalSection
	GlobalSection(ProjectConfigurationPlatforms) = postSolution
		{E8974BA0-43BD-4738-A1CB-695A32AE02B5}.Debug|Any CPU.ActiveCfg = Debug|Any CPU
		{E8974BA0-43BD-4738-A1CB-695A32AE02B5}.Debug|Any CPU.Build.0 = Debug|Any CPU
		{E8974BA0-43BD-4738-A1CB-695A32AE02B5}.Release|Any CPU.ActiveCfg = Release|Any CPU
		{E8974BA0-43BD-4738-A1CB-695A32AE02B5}.Release|Any CPU.Build.0 = Release|Any CPU
	EndGlobalSection
	GlobalSection(SolutionProperties) = preSolution
		HideSolutionNode = FALSE
	EndGlobalSection
	GlobalSection(ExtensibilityGlobals) = postSolution
		SolutionGuid = {1793AD6A-B517-48FC-9A50-E6C506EF0B6C}
	EndGlobalSection
EndGlobal
