
Microsoft Visual Studio Solution File, Format Version 12.00
# Visual Studio Version 16
VisualStudioVersion = 16.0.32929.386
MinimumVisualStudioVersion = 10.0.40219.1
Project("{FAE04EC0-301F-11D3-BF4B-00C04F79EFBC}") = "Lekcja2", "Lekcja2.csproj", "{99A3CED2-035B-4397-95D1-7CEC82EB646E}"
EndProject
Global
	GlobalSection(SolutionConfigurationPlatforms) = preSolution
		Debug|Any CPU = Debug|Any CPU
		Release|Any CPU = Release|Any CPU
	EndGlobalSection
	GlobalSection(ProjectConfigurationPlatforms) = postSolution
		{99A3CED2-035B-4397-95D1-7CEC82EB646E}.Debug|Any CPU.ActiveCfg = Debug|Any CPU
		{99A3CED2-035B-4397-95D1-7CEC82EB646E}.Debug|Any CPU.Build.0 = Debug|Any CPU
		{99A3CED2-035B-4397-95D1-7CEC82EB646E}.Release|Any CPU.ActiveCfg = Release|Any CPU
		{99A3CED2-035B-4397-95D1-7CEC82EB646E}.Release|Any CPU.Build.0 = Release|Any CPU
	EndGlobalSection
	GlobalSection(SolutionProperties) = preSolution
		HideSolutionNode = FALSE
	EndGlobalSection
	GlobalSection(ExtensibilityGlobals) = postSolution
		SolutionGuid = {36008BCC-F0A7-47C2-ABA0-8CE2CEB6D2F6}
	EndGlobalSection
EndGlobal
